
Microsoft Visual Studio Solution File, Format Version 12.00
# Visual Studio Version 17
VisualStudioVersion = 17.14.36429.23 d17.14
MinimumVisualStudioVersion = 10.0.40219.1
Project("{FAE04EC0-301F-11D3-BF4B-00C04F79EFBC}") = "intacct_rest_api", "intacct_rest_api.csproj", "{5FA7A919-5DB5-4CCB-A659-418910FD6DE4}"
EndProject
Global
	GlobalSection(SolutionConfigurationPlatforms) = preSolution
		Debug|Any CPU = Debug|Any CPU
		Release|Any CPU = Release|Any CPU
	EndGlobalSection
	GlobalSection(ProjectConfigurationPlatforms) = postSolution
		{5FA7A919-5DB5-4CCB-A659-418910FD6DE4}.Debug|Any CPU.ActiveCfg = Debug|Any CPU
		{5FA7A919-5DB5-4CCB-A659-418910FD6DE4}.Debug|Any CPU.Build.0 = Debug|Any CPU
		{5FA7A919-5DB5-4CCB-A659-418910FD6DE4}.Release|Any CPU.ActiveCfg = Release|Any CPU
		{5FA7A919-5DB5-4CCB-A659-418910FD6DE4}.Release|Any CPU.Build.0 = Release|Any CPU
	EndGlobalSection
	GlobalSection(SolutionProperties) = preSolution
		HideSolutionNode = FALSE
	EndGlobalSection
	GlobalSection(ExtensibilityGlobals) = postSolution
		SolutionGuid = {003F4C0A-36AF-4210-AA4D-220D1C020D3A}
	EndGlobalSection
EndGlobal
